// !$*UTF8*$!
{
	archiveVersion = 1;
	classes = {
	};
	objectVersion = 77;
	objects = {

/* Begin PBXBuildFile section */
		007207C9DE593EB59A1640E0 /* AnalyzeView.swift in Sources */ = {isa = PBXBuildFile; fileRef = ED0E1B4392753994B17E45A3 /* AnalyzeView.swift */; };
		02424FF142D6463C125228D2 /* PackageProvider.swift in Sources */ = {isa = PBXBuildFile; fileRef = 8C41740C17ED53D8FF4E9E42 /* PackageProvider.swift */; };
		02E0ECD31CAE7E777F52A3A4 /* ImpactAnalyzer.swift in Sources */ = {isa = PBXBuildFile; fileRef = 6E4FF33FEF3B1EFADDED5EC7 /* ImpactAnalyzer.swift */; };
		080CEEBF3ECFD7C9124777B6 /* BrewJsonProvider.swift in Sources */ = {isa = PBXBuildFile; fileRef = 1EDC6F3B0B3E52E1D8B37E14 /* BrewJsonProvider.swift */; };
		08B5C2338A4191637C04FF7C /* PackageNode.swift in Sources */ = {isa = PBXBuildFile; fileRef = D78A3ADC70BDF7CDD35FE498 /* PackageNode.swift */; };
		099DEBE1C4FFCCC7A4E4AAFB /* GitRepo.swift in Sources */ = {isa = PBXBuildFile; fileRef = B5523065B491745A41D29236 /* GitRepo.swift */; };
		0D37B0DD6786C0618E5BD55D /* GhostBusterView.swift in Sources */ = {isa = PBXBuildFile; fileRef = 0AEEB25BEB2922724F82EED6 /* GhostBusterView.swift */; };
		1178B19CD2AE407887B24AFC /* GalaxyView.swift in Sources */ = {isa = PBXBuildFile; fileRef = D1F361D01E829B74E6FB57DD /* GalaxyView.swift */; };
		12655A389CFB667A2435A3E7 /* ScreenshotCleanupRule.swift in Sources */ = {isa = PBXBuildFile; fileRef = 8611145D32CDE04879E237D0 /* ScreenshotCleanupRule.swift */; };
		12B9F6AB2F3EABC602298D7F /* TreemapView.swift in Sources */ = {isa = PBXBuildFile; fileRef = 193D7959249EC8B109E3DE8E /* TreemapView.swift */; };
		13A8D389A43062D276269FCF /* HelperClient.swift in Sources */ = {isa = PBXBuildFile; fileRef = 53AD6D1C11B4F08FC5E58B5E /* HelperClient.swift */; };
		152BAED00AC71F673A9CFDBD /* RecommendationContext.swift in Sources */ = {isa = PBXBuildFile; fileRef = A89D0856329A4461454F046D /* RecommendationContext.swift */; };
		1B28BF7E52AB190137217BF0 /* PackageScanner.swift in Sources */ = {isa = PBXBuildFile; fileRef = 28BFA62383E7EAB529579A04 /* PackageScanner.swift */; };
		1D21926B9F5A259B7BD50B0D /* ActionLogger.swift in Sources */ = {isa = PBXBuildFile; fileRef = 06AE729A52B7F14140C24366 /* ActionLogger.swift */; };
		22C1393EA638BBAE219E45AD /* GitRepoScanner.swift in Sources */ = {isa = PBXBuildFile; fileRef = 015010576BED1F646B80672A /* GitRepoScanner.swift */; };
		22DB78584BD371BAD66B01BA /* CleanView.swift in Sources */ = {isa = PBXBuildFile; fileRef = F7F77DF64C705FD91CB39DD9 /* CleanView.swift */; };
		25F18FA884C947A75DCA1864 /* LowDiskSpaceRule.swift in Sources */ = {isa = PBXBuildFile; fileRef = C83614B56481CF8F4FC78E00 /* LowDiskSpaceRule.swift */; };
		26622049666D2B97B379C4F4 /* ActionLogger.swift in Sources */ = {isa = PBXBuildFile; fileRef = 06AE729A52B7F14140C24366 /* ActionLogger.swift */; };
		286DC075478A5E58FB81D307 /* HomebrewProvider.swift in Sources */ = {isa = PBXBuildFile; fileRef = 7E1AFA72F5AE1CBCB003AC30 /* HomebrewProvider.swift */; };
		2A451A7E7F2CE28B1C356E6C /* UnusedAppsRule.swift in Sources */ = {isa = PBXBuildFile; fileRef = 2396C4875731341B8DDF05B6 /* UnusedAppsRule.swift */; };
		2AB1E6DB20812586C76B6906 /* GalaxyModels.swift in Sources */ = {isa = PBXBuildFile; fileRef = 1BD5F65C33A7B9A6E4C558E5 /* GalaxyModels.swift */; };
		2CA055B63E457740B2DA132F /* GraphLayoutEngine.swift in Sources */ = {isa = PBXBuildFile; fileRef = 761F86E17589D6046FF1C68E /* GraphLayoutEngine.swift */; };
		2D9E5335BD3090DFBC8109E5 /* SMJobBlessClient.swift in Sources */ = {isa = PBXBuildFile; fileRef = D69E82006A607E5210A3AA07 /* SMJobBlessClient.swift */; };
		302C4D33136607A74E81519F /* CleanupEngine.swift in Sources */ = {isa = PBXBuildFile; fileRef = DC6068C461B90B43A44F60CD /* CleanupEngine.swift */; };
		30E88DC5095BE6F14092F480 /* PathNormalizer.swift in Sources */ = {isa = PBXBuildFile; fileRef = 3298AE85D27A6C3754A6C36D /* PathNormalizer.swift */; };
		32AB2640821CD6974C1D0034 /* PipProvider.swift in Sources */ = {isa = PBXBuildFile; fileRef = 595B8CFC4E24FAB8F309060F /* PipProvider.swift */; };
		3581613B5505F2E2CFA0EF6A /* OldDownloadsRule.swift in Sources */ = {isa = PBXBuildFile; fileRef = AD8135AB1BD261E7011231C5 /* OldDownloadsRule.swift */; };
		36247687B6A6762E702316F9 /* SMJobBlessClient.swift in Sources */ = {isa = PBXBuildFile; fileRef = D69E82006A607E5210A3AA07 /* SMJobBlessClient.swift */; };
		36966CA7E54FA13AC0C7C176 /* CleanupAllowlist.swift in Sources */ = {isa = PBXBuildFile; fileRef = 7DF77FF306DD193669624B7A /* CleanupAllowlist.swift */; };
		39D6033F456341C1B0B65B2C /* SnapshotService.swift in Sources */ = {isa = PBXBuildFile; fileRef = 3E5F8E6773B9DB269283D58E /* SnapshotService.swift */; };
		3A4AAF099D47D94C1C31316E /* RecommendationEngine.swift in Sources */ = {isa = PBXBuildFile; fileRef = 1F625A4273667BD082394BE7 /* RecommendationEngine.swift */; };
		40D1DF36ACE2FAD64604B97D /* OptimizationEngine.swift in Sources */ = {isa = PBXBuildFile; fileRef = BB2B067E8A821D69C6D3DFCF /* OptimizationEngine.swift */; };
		40E3C2E50B22C28AE6EAC111 /* RecommendationEngine.swift in Sources */ = {isa = PBXBuildFile; fileRef = 1F625A4273667BD082394BE7 /* RecommendationEngine.swift */; };
		427D3A6872E392F5852D6E82 /* NpmProvider.swift in Sources */ = {isa = PBXBuildFile; fileRef = FD3AEE910539103740AF661D /* NpmProvider.swift */; };
		44D3F796F1FA1309EFFACB70 /* SnapshotService.swift in Sources */ = {isa = PBXBuildFile; fileRef = 3E5F8E6773B9DB269283D58E /* SnapshotService.swift */; };
		49F07107FE824E9DFBC16861 /* Logging in Frameworks */ = {isa = PBXBuildFile; productRef = 8235FB46C31534BCE8BA0E4B /* Logging */; };
		4A83E79B571601A26C886164 /* RuleSettings.swift in Sources */ = {isa = PBXBuildFile; fileRef = BDA0A91838A4AA366C56EB79 /* RuleSettings.swift */; };
		50039C9E4F28DB5084FA6865 /* RecommendationRule.swift in Sources */ = {isa = PBXBuildFile; fileRef = 4D92F3811846DEC331C55600 /* RecommendationRule.swift */; };
		532F1296FB0F40CEFDCCFFC7 /* HelperErrorCodes.swift in Sources */ = {isa = PBXBuildFile; fileRef = 8001EC9BE432F829F3CFFBBD /* HelperErrorCodes.swift */; };
		558E99EFDD1D1DBDCF5F5F47 /* HelperErrorCodes.swift in Sources */ = {isa = PBXBuildFile; fileRef = 8001EC9BE432F829F3CFFBBD /* HelperErrorCodes.swift */; };
		56647BB17ABEDBDC9FB503FB /* AppInventoryUI in Frameworks */ = {isa = PBXBuildFile; productRef = BED55513DE610BBD13379FBF /* AppInventoryUI */; };
		57827FCF4FBF1F0F9C346449 /* OptimizeView.swift in Sources */ = {isa = PBXBuildFile; fileRef = 9A7E55D13E7925AED747255A /* OptimizeView.swift */; };
		5A5FEBA2EB5684C45F95E072 /* PackageScanner.swift in Sources */ = {isa = PBXBuildFile; fileRef = 28BFA62383E7EAB529579A04 /* PackageScanner.swift */; };
		616F899B39119881F39ACC60 /* ActionExecutor.swift in Sources */ = {isa = PBXBuildFile; fileRef = F99E16FA3F932058B7BEA9C9 /* ActionExecutor.swift */; };
		63427A8727C534551E120847 /* GitRepo.swift in Sources */ = {isa = PBXBuildFile; fileRef = B5523065B491745A41D29236 /* GitRepo.swift */; };
		639199F51CA519F4A02F279C /* PackageOperator.swift in Sources */ = {isa = PBXBuildFile; fileRef = C2DD34F3967CDC5AFADF093B /* PackageOperator.swift */; };
		666DF1C74DA1F0CDF275151B /* TrashReminderRule.swift in Sources */ = {isa = PBXBuildFile; fileRef = 126F1612875FF543B8D5D3A3 /* TrashReminderRule.swift */; };
		66D07392948654701DBD7EC9 /* PipMetadataProvider.swift in Sources */ = {isa = PBXBuildFile; fileRef = F3F2C59FA1EECA06A07A0C76 /* PipMetadataProvider.swift */; };
		6721EF2FBDFFCE69BA967F76 /* DependencyGraphService.swift in Sources */ = {isa = PBXBuildFile; fileRef = 38316AF8DFA762607F92DB57 /* DependencyGraphService.swift */; };
		699AD1C67AFC1C11E40C3230 /* Localization.swift in Sources */ = {isa = PBXBuildFile; fileRef = 69EE801D6F61B93790BE3CF8 /* Localization.swift */; };
		6A5CC6756F732784388896AF /* AnalyzerEngine.swift in Sources */ = {isa = PBXBuildFile; fileRef = 5920ED5BCAC470BD9871338D /* AnalyzerEngine.swift */; };
		6B0E5912B389DFBDE67D351D /* PackageIdentity.swift in Sources */ = {isa = PBXBuildFile; fileRef = 45756DADD4A1526871D1EFF6 /* PackageIdentity.swift */; };
		6B2BAC6FC9A34B3B35F30CC1 /* ArgumentParser in Frameworks */ = {isa = PBXBuildFile; productRef = 82535F075C24E45CD4626F9A /* ArgumentParser */; };
		6D7092A56D37497DBCA1A07D /* PackageSizeCalculator.swift in Sources */ = {isa = PBXBuildFile; fileRef = DBE46F5514AF4A95D0CE85A0 /* PackageSizeCalculator.swift */; };
		6DCDFC3CF05956F2E0610DB3 /* SystemMonitor.swift in Sources */ = {isa = PBXBuildFile; fileRef = 3806F4C5F0D603942F5F1B40 /* SystemMonitor.swift */; };
		6DF5A5C5F459DB3AA2563C34 /* SwiftSweepApp.swift in Sources */ = {isa = PBXBuildFile; fileRef = FDD502DFEA142AD633EC8160 /* SwiftSweepApp.swift */; };
		6F65EB3EF834538F3B424D51 /* ImpactAnalyzer.swift in Sources */ = {isa = PBXBuildFile; fileRef = 6E4FF33FEF3B1EFADDED5EC7 /* ImpactAnalyzer.swift */; };
		7035C482965BCA83839F82A0 /* PipProvider.swift in Sources */ = {isa = PBXBuildFile; fileRef = 595B8CFC4E24FAB8F309060F /* PipProvider.swift */; };
		710EF473236CDC8DD61D732B /* UninstallCacheStore.swift in Sources */ = {isa = PBXBuildFile; fileRef = 4F5BB76487B49303D580D852 /* UninstallCacheStore.swift */; };
		724AA99D336F39DCE9AE8111 /* InsightsCacheStore.swift in Sources */ = {isa = PBXBuildFile; fileRef = 744824074838695777E777E4 /* InsightsCacheStore.swift */; };
		7459619C93E0B418EFCF4DBC /* PrivilegedDeleting.swift in Sources */ = {isa = PBXBuildFile; fileRef = D768177BC39540073011FEC3 /* PrivilegedDeleting.swift */; };
		753A4791BEC6215F22667EF0 /* DirectorySizeCache.swift in Sources */ = {isa = PBXBuildFile; fileRef = 9F539166B61D2A4E990D78C1 /* DirectorySizeCache.swift */; };
		75A3CE88A5038ECF4171C059 /* ActionExecutor.swift in Sources */ = {isa = PBXBuildFile; fileRef = F99E16FA3F932058B7BEA9C9 /* ActionExecutor.swift */; };
		776CA40CF2BC2709247DA877 /* MainApplicationsView.swift in Sources */ = {isa = PBXBuildFile; fileRef = 24095CAF50FD31E0F277F138 /* MainApplicationsView.swift */; };
		79BD97381D59C321218D20C5 /* DeveloperCacheRule.swift in Sources */ = {isa = PBXBuildFile; fileRef = E7A6A64472255CD6EF1D73B6 /* DeveloperCacheRule.swift */; };
		7A5ED4253713F89DDCFCEE71 /* MailAttachmentsRule.swift in Sources */ = {isa = PBXBuildFile; fileRef = 5235A0883863E00CE30F6B56 /* MailAttachmentsRule.swift */; };
		7BEADEC5CF11CC717EB37546 /* GraphStore.swift in Sources */ = {isa = PBXBuildFile; fileRef = 3B02230150D7C1F168F916FB /* GraphStore.swift */; };
		7C279652649F65C1EAA94FA8 /* RuleSettings.swift in Sources */ = {isa = PBXBuildFile; fileRef = BDA0A91838A4AA366C56EB79 /* RuleSettings.swift */; };
		7C4A439ABF884667ABE7169B /* CleanupEngine.swift in Sources */ = {isa = PBXBuildFile; fileRef = DC6068C461B90B43A44F60CD /* CleanupEngine.swift */; };
		7D17C0259ECBE188B1E5C391 /* CleanupAllowlist.swift in Sources */ = {isa = PBXBuildFile; fileRef = 7DF77FF306DD193669624B7A /* CleanupAllowlist.swift */; };
		7DFE53451DCA6F317435EAC6 /* LargeCacheRule.swift in Sources */ = {isa = PBXBuildFile; fileRef = 0ADCAC4E4AFB9DEF4ABAEDBE /* LargeCacheRule.swift */; };
		7E64ABA3B45253577021CB58 /* PackageOperator.swift in Sources */ = {isa = PBXBuildFile; fileRef = C2DD34F3967CDC5AFADF093B /* PackageOperator.swift */; };
		821A831687A9D989FBA9EAD2 /* DeveloperCacheRule.swift in Sources */ = {isa = PBXBuildFile; fileRef = E7A6A64472255CD6EF1D73B6 /* DeveloperCacheRule.swift */; };
		83D4D8B72346FA4F858DE2AF /* SnapshotView.swift in Sources */ = {isa = PBXBuildFile; fileRef = 3F52BA3C762AD6B4001201F2 /* SnapshotView.swift */; };
		84CE8C0B91C8427DB19E74FC /* PackageFinderView.swift in Sources */ = {isa = PBXBuildFile; fileRef = 10070FC013910ADB5A991DA7 /* PackageFinderView.swift */; };
		8665D8E6D0A2BED39D7D08CD /* SnapshotModels.swift in Sources */ = {isa = PBXBuildFile; fileRef = 3A954EBC2F7CEADF29D248D8 /* SnapshotModels.swift */; };
		86CCD29B5A459F7098AED6B0 /* MailAttachmentsRule.swift in Sources */ = {isa = PBXBuildFile; fileRef = 5235A0883863E00CE30F6B56 /* MailAttachmentsRule.swift */; };
		893D4A9575A862A5593E75ED /* UnusedAppsRule.swift in Sources */ = {isa = PBXBuildFile; fileRef = 2396C4875731341B8DDF05B6 /* UnusedAppsRule.swift */; };
		896B4A1A18B7DFE5339F8DC4 /* UninstallView.swift in Sources */ = {isa = PBXBuildFile; fileRef = C5777D7FD244DCCF55A0A022 /* UninstallView.swift */; };
		899EA4FE2B66B40EA90461B5 /* Recommendation.swift in Sources */ = {isa = PBXBuildFile; fileRef = 568DBC900A688E1C6F8682D1 /* Recommendation.swift */; };
		8B1EDCF1E8FA78FFCED17C7A /* BrowserCacheRule.swift in Sources */ = {isa = PBXBuildFile; fileRef = E65B36142B70F448F3601681 /* BrowserCacheRule.swift */; };
		8B5852315331A760DA3F941B /* ToolLocator.swift in Sources */ = {isa = PBXBuildFile; fileRef = AA6ADB45695DFD3649CDCE33 /* ToolLocator.swift */; };
		9189ED29CFF7415AFC75CF0A /* GitRepoScanner.swift in Sources */ = {isa = PBXBuildFile; fileRef = 015010576BED1F646B80672A /* GitRepoScanner.swift */; };
		932E76888546D37FAC12647A /* HomebrewProvider.swift in Sources */ = {isa = PBXBuildFile; fileRef = 7E1AFA72F5AE1CBCB003AC30 /* HomebrewProvider.swift */; };
		95AA49B6018C01D4F7668231 /* BrewJsonProvider.swift in Sources */ = {isa = PBXBuildFile; fileRef = 1EDC6F3B0B3E52E1D8B37E14 /* BrewJsonProvider.swift */; };
		95BDB885D1F6154DD0F77544 /* ProcessRunner.swift in Sources */ = {isa = PBXBuildFile; fileRef = A7714DB08E840A4C694F5F7D /* ProcessRunner.swift */; };
		96C16A519C81BAA2ECCED03B /* DeletionPlan.swift in Sources */ = {isa = PBXBuildFile; fileRef = 61D19FF450DE2C15D5E26F29 /* DeletionPlan.swift */; };
		98C8A7E09E726BE51E9C35C0 /* DependencyGraphService.swift in Sources */ = {isa = PBXBuildFile; fileRef = 38316AF8DFA762607F92DB57 /* DependencyGraphService.swift */; };
		98E332084A03F6605174AAD3 /* SystemMonitor.swift in Sources */ = {isa = PBXBuildFile; fileRef = 3806F4C5F0D603942F5F1B40 /* SystemMonitor.swift */; };
		98F63F3DC95CAE6D7F47871D /* GemProvider.swift in Sources */ = {isa = PBXBuildFile; fileRef = E5AA81A68E30A722DE0AC190 /* GemProvider.swift */; };
		99A80C4B8B6CBD1CE5877953 /* ProcessRunner.swift in Sources */ = {isa = PBXBuildFile; fileRef = A7714DB08E840A4C694F5F7D /* ProcessRunner.swift */; };
		9B08949CE7371634FAFB6805 /* TrashReminderRule.swift in Sources */ = {isa = PBXBuildFile; fileRef = 126F1612875FF543B8D5D3A3 /* TrashReminderRule.swift */; };
		9BDC448921E17DE99ACE2FF6 /* AnalyzerEngine.swift in Sources */ = {isa = PBXBuildFile; fileRef = 5920ED5BCAC470BD9871338D /* AnalyzerEngine.swift */; };
		9C7B3D124D10B52FBF3F34A2 /* Localizable.strings in Resources */ = {isa = PBXBuildFile; fileRef = BB9BB5C32CA4EC58C1BFE0F1 /* Localizable.strings */; };
		9E324DADC4CF6AB952D86B3F /* NpmProvider.swift in Sources */ = {isa = PBXBuildFile; fileRef = FD3AEE910539103740AF661D /* NpmProvider.swift */; };
		A18CED3BDB8A67BE998DCC67 /* PathNormalizer.swift in Sources */ = {isa = PBXBuildFile; fileRef = 3298AE85D27A6C3754A6C36D /* PathNormalizer.swift */; };
		A24594257E72552F88ECD6BF /* BrowserCacheRule.swift in Sources */ = {isa = PBXBuildFile; fileRef = E65B36142B70F448F3601681 /* BrowserCacheRule.swift */; };
		A30354D9D76345F72DEF3F3F /* PrivilegedDeleting.swift in Sources */ = {isa = PBXBuildFile; fileRef = D768177BC39540073011FEC3 /* PrivilegedDeleting.swift */; };
		A64DD46819472FC7C3926AE0 /* LargeCacheRule.swift in Sources */ = {isa = PBXBuildFile; fileRef = 0ADCAC4E4AFB9DEF4ABAEDBE /* LargeCacheRule.swift */; };
		AC6E00E70B2650182D20027E /* PackageIdentity.swift in Sources */ = {isa = PBXBuildFile; fileRef = 45756DADD4A1526871D1EFF6 /* PackageIdentity.swift */; };
		ADB6E7E7106A86857FC368E8 /* DirectorySizeCache.swift in Sources */ = {isa = PBXBuildFile; fileRef = 9F539166B61D2A4E990D78C1 /* DirectorySizeCache.swift */; };
		B0AFD640CFDD9B8AA02D83F7 /* UninstallEngine.swift in Sources */ = {isa = PBXBuildFile; fileRef = A975CE98FBDC7EF022755BEA /* UninstallEngine.swift */; };
		B1FEB69201B4B5E9AD4EE89B /* SnapshotModels.swift in Sources */ = {isa = PBXBuildFile; fileRef = 3A954EBC2F7CEADF29D248D8 /* SnapshotModels.swift */; };
		B20054AC2BF62B8F198CFC32 /* UninstallEngine.swift in Sources */ = {isa = PBXBuildFile; fileRef = A975CE98FBDC7EF022755BEA /* UninstallEngine.swift */; };
		B2A2EDF5E5BF0DFDBBD08AED /* Logging in Frameworks */ = {isa = PBXBuildFile; productRef = 2ABFE6083FBE8FF03E9D0E02 /* Logging */; };
		B3889EBB5B448B2EA59BBCFC /* HelperClient.swift in Sources */ = {isa = PBXBuildFile; fileRef = 53AD6D1C11B4F08FC5E58B5E /* HelperClient.swift */; };
		B75A3080FB51C459F7BCA2AF /* GraphStore.swift in Sources */ = {isa = PBXBuildFile; fileRef = 3B02230150D7C1F168F916FB /* GraphStore.swift */; };
		B81615CE24AFCBDE4294047F /* Assets.xcassets in Resources */ = {isa = PBXBuildFile; fileRef = EC414EA68F888C69D022A902 /* Assets.xcassets */; };
		B8B13416400D5885E8C9B2C9 /* LowDiskSpaceRule.swift in Sources */ = {isa = PBXBuildFile; fileRef = C83614B56481CF8F4FC78E00 /* LowDiskSpaceRule.swift */; };
		B8C5249A3C3147DC64710607 /* main.swift in Sources */ = {isa = PBXBuildFile; fileRef = FEA561F9CAA20228329C3D13 /* main.swift */; };
		C44E862FD00F37FBA072809F /* InsightsCacheStore.swift in Sources */ = {isa = PBXBuildFile; fileRef = 744824074838695777E777E4 /* InsightsCacheStore.swift */; };
		C74DA856B98C9E6DEAE5D65A /* StatusView.swift in Sources */ = {isa = PBXBuildFile; fileRef = CF230230B3E8C6A26A67ED90 /* StatusView.swift */; };
		CA97D481D45124088D4C5EF4 /* EcosystemRegistry.swift in Sources */ = {isa = PBXBuildFile; fileRef = 33DD48A77760EAE73BFEBE90 /* EcosystemRegistry.swift */; };
		CB4052EBF1DDA6DC1BEA5DBD /* DeletionPlan.swift in Sources */ = {isa = PBXBuildFile; fileRef = 61D19FF450DE2C15D5E26F29 /* DeletionPlan.swift */; };
		CE93F467BD2C84CCB4DE1C2E /* ScreenshotCleanupRule.swift in Sources */ = {isa = PBXBuildFile; fileRef = 8611145D32CDE04879E237D0 /* ScreenshotCleanupRule.swift */; };
		D3CC47D7A639E93938643F97 /* RecommendationContext.swift in Sources */ = {isa = PBXBuildFile; fileRef = A89D0856329A4461454F046D /* RecommendationContext.swift */; };
		D574C8D0A6285EA9F4A346BF /* UninstallCacheStore.swift in Sources */ = {isa = PBXBuildFile; fileRef = 4F5BB76487B49303D580D852 /* UninstallCacheStore.swift */; };
		D58D90BD611E8E4838820B9D /* FileTreeView.swift in Sources */ = {isa = PBXBuildFile; fileRef = 7E638A75A374AE294E286E4B /* FileTreeView.swift */; };
		D5F229ED5C163523E817ECAE /* NpmJsonProvider.swift in Sources */ = {isa = PBXBuildFile; fileRef = 45C4A9505686DC86E4FCD917 /* NpmJsonProvider.swift */; };
		D6237F372EEEF6A86D4BF60F /* SettingsView.swift in Sources */ = {isa = PBXBuildFile; fileRef = AF8D04377DDF6FACF86EB83E /* SettingsView.swift */; };
		D95DE1135AB3A412DB935099 /* PipMetadataProvider.swift in Sources */ = {isa = PBXBuildFile; fileRef = F3F2C59FA1EECA06A07A0C76 /* PipMetadataProvider.swift */; };
		DA1E0D4BBA67E9B308253EB3 /* AppInventoryLogic in Frameworks */ = {isa = PBXBuildFile; productRef = B2AADB2A75799FEE310A17DF /* AppInventoryLogic */; };
		E0CF524845C77E03CEE089FB /* PackageSizeCalculator.swift in Sources */ = {isa = PBXBuildFile; fileRef = DBE46F5514AF4A95D0CE85A0 /* PackageSizeCalculator.swift */; };
		E117650714D03FEADBEEE3C7 /* GemProvider.swift in Sources */ = {isa = PBXBuildFile; fileRef = E5AA81A68E30A722DE0AC190 /* GemProvider.swift */; };
		E325FBEAE9064E3B87FD91C5 /* Recommendation.swift in Sources */ = {isa = PBXBuildFile; fileRef = 568DBC900A688E1C6F8682D1 /* Recommendation.swift */; };
		EB6A6A26AC6AA4DD24FF7870 /* PackageProvider.swift in Sources */ = {isa = PBXBuildFile; fileRef = 8C41740C17ED53D8FF4E9E42 /* PackageProvider.swift */; };
		EBA872140561F9D906B1D16E /* NpmJsonProvider.swift in Sources */ = {isa = PBXBuildFile; fileRef = 45C4A9505686DC86E4FCD917 /* NpmJsonProvider.swift */; };
		ECCBDB18D714FAC924F3DD2E /* EcosystemRegistry.swift in Sources */ = {isa = PBXBuildFile; fileRef = 33DD48A77760EAE73BFEBE90 /* EcosystemRegistry.swift */; };
		ED3D35DE7AC4A2C68EBB2A99 /* ToolLocator.swift in Sources */ = {isa = PBXBuildFile; fileRef = AA6ADB45695DFD3649CDCE33 /* ToolLocator.swift */; };
		F06A6973F9B22AD18281031F /* SwiftSweep.swift in Sources */ = {isa = PBXBuildFile; fileRef = DCDB24ECB3136D1C64FE216F /* SwiftSweep.swift */; };
		F16D1C2242079AA6D82D8BB7 /* OldDownloadsRule.swift in Sources */ = {isa = PBXBuildFile; fileRef = AD8135AB1BD261E7011231C5 /* OldDownloadsRule.swift */; };
		F3979A3F34C8551333274433 /* RecommendationRule.swift in Sources */ = {isa = PBXBuildFile; fileRef = 4D92F3811846DEC331C55600 /* RecommendationRule.swift */; };
		F65B162291160FACBC36141C /* HelperErrorCodes.swift in Sources */ = {isa = PBXBuildFile; fileRef = B2E25303826EB5E937D787FE /* HelperErrorCodes.swift */; };
		F66B63C36A4240015E6F516B /* OptimizationEngine.swift in Sources */ = {isa = PBXBuildFile; fileRef = BB2B067E8A821D69C6D3DFCF /* OptimizationEngine.swift */; };
		F81EAD27E9D32CAB3140F11B /* PackageNode.swift in Sources */ = {isa = PBXBuildFile; fileRef = D78A3ADC70BDF7CDD35FE498 /* PackageNode.swift */; };
		FCA63A3024A13325FC797E45 /* InsightsView.swift in Sources */ = {isa = PBXBuildFile; fileRef = 1C1C2A17944BE9D79268865E /* InsightsView.swift */; };
		FF3571FF74CD026760299429 /* CleanupAllowlist.swift in Sources */ = {isa = PBXBuildFile; fileRef = 4E78AD94E3B3CD6FC5935918 /* CleanupAllowlist.swift */; };
/* End PBXBuildFile section */

/* Begin PBXContainerItemProxy section */
		D5E0B081A2E08259F09EFD87 /* PBXContainerItemProxy */ = {
			isa = PBXContainerItemProxy;
			containerPortal = 23AEB981DF45DEC678238C4F /* Project object */;
			proxyType = 1;
			remoteGlobalIDString = 5FE8E2D67D98F6A57F029F93;
			remoteInfo = SwiftSweepHelper;
		};
/* End PBXContainerItemProxy section */

/* Begin PBXFileReference section */
		015010576BED1F646B80672A /* GitRepoScanner.swift */ = {isa = PBXFileReference; lastKnownFileType = sourcecode.swift; path = GitRepoScanner.swift; sourceTree = "<group>"; };
		06AE729A52B7F14140C24366 /* ActionLogger.swift */ = {isa = PBXFileReference; lastKnownFileType = sourcecode.swift; path = ActionLogger.swift; sourceTree = "<group>"; };
		0ADCAC4E4AFB9DEF4ABAEDBE /* LargeCacheRule.swift */ = {isa = PBXFileReference; lastKnownFileType = sourcecode.swift; path = LargeCacheRule.swift; sourceTree = "<group>"; };
		0AEEB25BEB2922724F82EED6 /* GhostBusterView.swift */ = {isa = PBXFileReference; lastKnownFileType = sourcecode.swift; path = GhostBusterView.swift; sourceTree = "<group>"; };
		0EF5885EFD75AF6B9C3DF721 /* SwiftSweepHelper */ = {isa = PBXFileReference; includeInIndex = 0; path = SwiftSweepHelper; sourceTree = BUILT_PRODUCTS_DIR; };
		10070FC013910ADB5A991DA7 /* PackageFinderView.swift */ = {isa = PBXFileReference; lastKnownFileType = sourcecode.swift; path = PackageFinderView.swift; sourceTree = "<group>"; };
		126F1612875FF543B8D5D3A3 /* TrashReminderRule.swift */ = {isa = PBXFileReference; lastKnownFileType = sourcecode.swift; path = TrashReminderRule.swift; sourceTree = "<group>"; };
		140428A3526817DBE6DDBF66 /* SwiftSweepAppInventory */ = {isa = PBXFileReference; lastKnownFileType = folder; name = SwiftSweepAppInventory; path = Packages/SwiftSweepAppInventory; sourceTree = SOURCE_ROOT; };
		193D7959249EC8B109E3DE8E /* TreemapView.swift */ = {isa = PBXFileReference; lastKnownFileType = sourcecode.swift; path = TreemapView.swift; sourceTree = "<group>"; };
		1BD5F65C33A7B9A6E4C558E5 /* GalaxyModels.swift */ = {isa = PBXFileReference; lastKnownFileType = sourcecode.swift; path = GalaxyModels.swift; sourceTree = "<group>"; };
		1C1C2A17944BE9D79268865E /* InsightsView.swift */ = {isa = PBXFileReference; lastKnownFileType = sourcecode.swift; path = InsightsView.swift; sourceTree = "<group>"; };
		1EDC6F3B0B3E52E1D8B37E14 /* BrewJsonProvider.swift */ = {isa = PBXFileReference; lastKnownFileType = sourcecode.swift; path = BrewJsonProvider.swift; sourceTree = "<group>"; };
		1F625A4273667BD082394BE7 /* RecommendationEngine.swift */ = {isa = PBXFileReference; lastKnownFileType = sourcecode.swift; path = RecommendationEngine.swift; sourceTree = "<group>"; };
		2396C4875731341B8DDF05B6 /* UnusedAppsRule.swift */ = {isa = PBXFileReference; lastKnownFileType = sourcecode.swift; path = UnusedAppsRule.swift; sourceTree = "<group>"; };
		24095CAF50FD31E0F277F138 /* MainApplicationsView.swift */ = {isa = PBXFileReference; lastKnownFileType = sourcecode.swift; path = MainApplicationsView.swift; sourceTree = "<group>"; };
		28BFA62383E7EAB529579A04 /* PackageScanner.swift */ = {isa = PBXFileReference; lastKnownFileType = sourcecode.swift; path = PackageScanner.swift; sourceTree = "<group>"; };
		3298AE85D27A6C3754A6C36D /* PathNormalizer.swift */ = {isa = PBXFileReference; lastKnownFileType = sourcecode.swift; path = PathNormalizer.swift; sourceTree = "<group>"; };
		33DD48A77760EAE73BFEBE90 /* EcosystemRegistry.swift */ = {isa = PBXFileReference; lastKnownFileType = sourcecode.swift; path = EcosystemRegistry.swift; sourceTree = "<group>"; };
		3806F4C5F0D603942F5F1B40 /* SystemMonitor.swift */ = {isa = PBXFileReference; lastKnownFileType = sourcecode.swift; path = SystemMonitor.swift; sourceTree = "<group>"; };
		38316AF8DFA762607F92DB57 /* DependencyGraphService.swift */ = {isa = PBXFileReference; lastKnownFileType = sourcecode.swift; path = DependencyGraphService.swift; sourceTree = "<group>"; };
		3A954EBC2F7CEADF29D248D8 /* SnapshotModels.swift */ = {isa = PBXFileReference; lastKnownFileType = sourcecode.swift; path = SnapshotModels.swift; sourceTree = "<group>"; };
		3B02230150D7C1F168F916FB /* GraphStore.swift */ = {isa = PBXFileReference; lastKnownFileType = sourcecode.swift; path = GraphStore.swift; sourceTree = "<group>"; };
		3E5F8E6773B9DB269283D58E /* SnapshotService.swift */ = {isa = PBXFileReference; lastKnownFileType = sourcecode.swift; path = SnapshotService.swift; sourceTree = "<group>"; };
		3F52BA3C762AD6B4001201F2 /* SnapshotView.swift */ = {isa = PBXFileReference; lastKnownFileType = sourcecode.swift; path = SnapshotView.swift; sourceTree = "<group>"; };
		45756DADD4A1526871D1EFF6 /* PackageIdentity.swift */ = {isa = PBXFileReference; lastKnownFileType = sourcecode.swift; path = PackageIdentity.swift; sourceTree = "<group>"; };
		45C4A9505686DC86E4FCD917 /* NpmJsonProvider.swift */ = {isa = PBXFileReference; lastKnownFileType = sourcecode.swift; path = NpmJsonProvider.swift; sourceTree = "<group>"; };
		4D92F3811846DEC331C55600 /* RecommendationRule.swift */ = {isa = PBXFileReference; lastKnownFileType = sourcecode.swift; path = RecommendationRule.swift; sourceTree = "<group>"; };
		4E78AD94E3B3CD6FC5935918 /* CleanupAllowlist.swift */ = {isa = PBXFileReference; lastKnownFileType = sourcecode.swift; path = CleanupAllowlist.swift; sourceTree = "<group>"; };
		4F5BB76487B49303D580D852 /* UninstallCacheStore.swift */ = {isa = PBXFileReference; lastKnownFileType = sourcecode.swift; path = UninstallCacheStore.swift; sourceTree = "<group>"; };
		5235A0883863E00CE30F6B56 /* MailAttachmentsRule.swift */ = {isa = PBXFileReference; lastKnownFileType = sourcecode.swift; path = MailAttachmentsRule.swift; sourceTree = "<group>"; };
		53AD6D1C11B4F08FC5E58B5E /* HelperClient.swift */ = {isa = PBXFileReference; lastKnownFileType = sourcecode.swift; path = HelperClient.swift; sourceTree = "<group>"; };
		568DBC900A688E1C6F8682D1 /* Recommendation.swift */ = {isa = PBXFileReference; lastKnownFileType = sourcecode.swift; path = Recommendation.swift; sourceTree = "<group>"; };
		5920ED5BCAC470BD9871338D /* AnalyzerEngine.swift */ = {isa = PBXFileReference; lastKnownFileType = sourcecode.swift; path = AnalyzerEngine.swift; sourceTree = "<group>"; };
		595B8CFC4E24FAB8F309060F /* PipProvider.swift */ = {isa = PBXFileReference; lastKnownFileType = sourcecode.swift; path = PipProvider.swift; sourceTree = "<group>"; };
		61D19FF450DE2C15D5E26F29 /* DeletionPlan.swift */ = {isa = PBXFileReference; lastKnownFileType = sourcecode.swift; path = DeletionPlan.swift; sourceTree = "<group>"; };
		69EE801D6F61B93790BE3CF8 /* Localization.swift */ = {isa = PBXFileReference; lastKnownFileType = sourcecode.swift; path = Localization.swift; sourceTree = "<group>"; };
		6E4FF33FEF3B1EFADDED5EC7 /* ImpactAnalyzer.swift */ = {isa = PBXFileReference; lastKnownFileType = sourcecode.swift; path = ImpactAnalyzer.swift; sourceTree = "<group>"; };
		744824074838695777E777E4 /* InsightsCacheStore.swift */ = {isa = PBXFileReference; lastKnownFileType = sourcecode.swift; path = InsightsCacheStore.swift; sourceTree = "<group>"; };
		761F86E17589D6046FF1C68E /* GraphLayoutEngine.swift */ = {isa = PBXFileReference; lastKnownFileType = sourcecode.swift; path = GraphLayoutEngine.swift; sourceTree = "<group>"; };
		7DF77FF306DD193669624B7A /* CleanupAllowlist.swift */ = {isa = PBXFileReference; lastKnownFileType = sourcecode.swift; path = CleanupAllowlist.swift; sourceTree = "<group>"; };
		7E1AFA72F5AE1CBCB003AC30 /* HomebrewProvider.swift */ = {isa = PBXFileReference; lastKnownFileType = sourcecode.swift; path = HomebrewProvider.swift; sourceTree = "<group>"; };
		7E638A75A374AE294E286E4B /* FileTreeView.swift */ = {isa = PBXFileReference; lastKnownFileType = sourcecode.swift; path = FileTreeView.swift; sourceTree = "<group>"; };
		8001EC9BE432F829F3CFFBBD /* HelperErrorCodes.swift */ = {isa = PBXFileReference; lastKnownFileType = sourcecode.swift; path = HelperErrorCodes.swift; sourceTree = "<group>"; };
		8611145D32CDE04879E237D0 /* ScreenshotCleanupRule.swift */ = {isa = PBXFileReference; lastKnownFileType = sourcecode.swift; path = ScreenshotCleanupRule.swift; sourceTree = "<group>"; };
		8C41740C17ED53D8FF4E9E42 /* PackageProvider.swift */ = {isa = PBXFileReference; lastKnownFileType = sourcecode.swift; path = PackageProvider.swift; sourceTree = "<group>"; };
		8F7F6CD34628A7A8C9100A92 /* zh-Hans */ = {isa = PBXFileReference; lastKnownFileType = text.plist.strings; name = "zh-Hans"; path = "zh-Hans.lproj/Localizable.strings"; sourceTree = "<group>"; };
		9A7E55D13E7925AED747255A /* OptimizeView.swift */ = {isa = PBXFileReference; lastKnownFileType = sourcecode.swift; path = OptimizeView.swift; sourceTree = "<group>"; };
		9F539166B61D2A4E990D78C1 /* DirectorySizeCache.swift */ = {isa = PBXFileReference; lastKnownFileType = sourcecode.swift; path = DirectorySizeCache.swift; sourceTree = "<group>"; };
		A7714DB08E840A4C694F5F7D /* ProcessRunner.swift */ = {isa = PBXFileReference; lastKnownFileType = sourcecode.swift; path = ProcessRunner.swift; sourceTree = "<group>"; };
		A89D0856329A4461454F046D /* RecommendationContext.swift */ = {isa = PBXFileReference; lastKnownFileType = sourcecode.swift; path = RecommendationContext.swift; sourceTree = "<group>"; };
		A975CE98FBDC7EF022755BEA /* UninstallEngine.swift */ = {isa = PBXFileReference; lastKnownFileType = sourcecode.swift; path = UninstallEngine.swift; sourceTree = "<group>"; };
		AA6ADB45695DFD3649CDCE33 /* ToolLocator.swift */ = {isa = PBXFileReference; lastKnownFileType = sourcecode.swift; path = ToolLocator.swift; sourceTree = "<group>"; };
		AD8135AB1BD261E7011231C5 /* OldDownloadsRule.swift */ = {isa = PBXFileReference; lastKnownFileType = sourcecode.swift; path = OldDownloadsRule.swift; sourceTree = "<group>"; };
		AF8D04377DDF6FACF86EB83E /* SettingsView.swift */ = {isa = PBXFileReference; lastKnownFileType = sourcecode.swift; path = SettingsView.swift; sourceTree = "<group>"; };
		B2E25303826EB5E937D787FE /* HelperErrorCodes.swift */ = {isa = PBXFileReference; lastKnownFileType = sourcecode.swift; path = HelperErrorCodes.swift; sourceTree = "<group>"; };
		B5523065B491745A41D29236 /* GitRepo.swift */ = {isa = PBXFileReference; lastKnownFileType = sourcecode.swift; path = GitRepo.swift; sourceTree = "<group>"; };
		BB2B067E8A821D69C6D3DFCF /* OptimizationEngine.swift */ = {isa = PBXFileReference; lastKnownFileType = sourcecode.swift; path = OptimizationEngine.swift; sourceTree = "<group>"; };
		BDA0A91838A4AA366C56EB79 /* RuleSettings.swift */ = {isa = PBXFileReference; lastKnownFileType = sourcecode.swift; path = RuleSettings.swift; sourceTree = "<group>"; };
		C2DD34F3967CDC5AFADF093B /* PackageOperator.swift */ = {isa = PBXFileReference; lastKnownFileType = sourcecode.swift; path = PackageOperator.swift; sourceTree = "<group>"; };
		C5777D7FD244DCCF55A0A022 /* UninstallView.swift */ = {isa = PBXFileReference; lastKnownFileType = sourcecode.swift; path = UninstallView.swift; sourceTree = "<group>"; };
		C83614B56481CF8F4FC78E00 /* LowDiskSpaceRule.swift */ = {isa = PBXFileReference; lastKnownFileType = sourcecode.swift; path = LowDiskSpaceRule.swift; sourceTree = "<group>"; };
		CF230230B3E8C6A26A67ED90 /* StatusView.swift */ = {isa = PBXFileReference; lastKnownFileType = sourcecode.swift; path = StatusView.swift; sourceTree = "<group>"; };
		D1F361D01E829B74E6FB57DD /* GalaxyView.swift */ = {isa = PBXFileReference; lastKnownFileType = sourcecode.swift; path = GalaxyView.swift; sourceTree = "<group>"; };
		D69E82006A607E5210A3AA07 /* SMJobBlessClient.swift */ = {isa = PBXFileReference; lastKnownFileType = sourcecode.swift; path = SMJobBlessClient.swift; sourceTree = "<group>"; };
		D768177BC39540073011FEC3 /* PrivilegedDeleting.swift */ = {isa = PBXFileReference; lastKnownFileType = sourcecode.swift; path = PrivilegedDeleting.swift; sourceTree = "<group>"; };
		D78A3ADC70BDF7CDD35FE498 /* PackageNode.swift */ = {isa = PBXFileReference; lastKnownFileType = sourcecode.swift; path = PackageNode.swift; sourceTree = "<group>"; };
		DBE46F5514AF4A95D0CE85A0 /* PackageSizeCalculator.swift */ = {isa = PBXFileReference; lastKnownFileType = sourcecode.swift; path = PackageSizeCalculator.swift; sourceTree = "<group>"; };
		DC6068C461B90B43A44F60CD /* CleanupEngine.swift */ = {isa = PBXFileReference; lastKnownFileType = sourcecode.swift; path = CleanupEngine.swift; sourceTree = "<group>"; };
		DCDB24ECB3136D1C64FE216F /* SwiftSweep.swift */ = {isa = PBXFileReference; lastKnownFileType = sourcecode.swift; path = SwiftSweep.swift; sourceTree = "<group>"; };
		E4A863606927533B6575D5C7 /* SwiftSweepApp.app */ = {isa = PBXFileReference; explicitFileType = wrapper.application; includeInIndex = 0; path = SwiftSweepApp.app; sourceTree = BUILT_PRODUCTS_DIR; };
		E5AA81A68E30A722DE0AC190 /* GemProvider.swift */ = {isa = PBXFileReference; lastKnownFileType = sourcecode.swift; path = GemProvider.swift; sourceTree = "<group>"; };
		E65B36142B70F448F3601681 /* BrowserCacheRule.swift */ = {isa = PBXFileReference; lastKnownFileType = sourcecode.swift; path = BrowserCacheRule.swift; sourceTree = "<group>"; };
		E7A6A64472255CD6EF1D73B6 /* DeveloperCacheRule.swift */ = {isa = PBXFileReference; lastKnownFileType = sourcecode.swift; path = DeveloperCacheRule.swift; sourceTree = "<group>"; };
		E9FA3BA4B0F24B34F8C3F094 /* en */ = {isa = PBXFileReference; lastKnownFileType = text.plist.strings; name = en; path = en.lproj/Localizable.strings; sourceTree = "<group>"; };
		EC414EA68F888C69D022A902 /* Assets.xcassets */ = {isa = PBXFileReference; lastKnownFileType = folder.assetcatalog; path = Assets.xcassets; sourceTree = "<group>"; };
		ECF4605B3CD6D4056967E0B2 /* swiftsweep */ = {isa = PBXFileReference; includeInIndex = 0; path = swiftsweep; sourceTree = BUILT_PRODUCTS_DIR; };
		ED0E1B4392753994B17E45A3 /* AnalyzeView.swift */ = {isa = PBXFileReference; lastKnownFileType = sourcecode.swift; path = AnalyzeView.swift; sourceTree = "<group>"; };
		F3F2C59FA1EECA06A07A0C76 /* PipMetadataProvider.swift */ = {isa = PBXFileReference; lastKnownFileType = sourcecode.swift; path = PipMetadataProvider.swift; sourceTree = "<group>"; };
		F7F77DF64C705FD91CB39DD9 /* CleanView.swift */ = {isa = PBXFileReference; lastKnownFileType = sourcecode.swift; path = CleanView.swift; sourceTree = "<group>"; };
		F99E16FA3F932058B7BEA9C9 /* ActionExecutor.swift */ = {isa = PBXFileReference; lastKnownFileType = sourcecode.swift; path = ActionExecutor.swift; sourceTree = "<group>"; };
		FD3AEE910539103740AF661D /* NpmProvider.swift */ = {isa = PBXFileReference; lastKnownFileType = sourcecode.swift; path = NpmProvider.swift; sourceTree = "<group>"; };
		FDD502DFEA142AD633EC8160 /* SwiftSweepApp.swift */ = {isa = PBXFileReference; lastKnownFileType = sourcecode.swift; path = SwiftSweepApp.swift; sourceTree = "<group>"; };
		FEA561F9CAA20228329C3D13 /* main.swift */ = {isa = PBXFileReference; lastKnownFileType = sourcecode.swift; path = main.swift; sourceTree = "<group>"; };
/* End PBXFileReference section */

/* Begin PBXFrameworksBuildPhase section */
		4C792D806DE7EB4D87396387 /* Frameworks */ = {
			isa = PBXFrameworksBuildPhase;
			buildActionMask = 2147483647;
			files = (
				6B2BAC6FC9A34B3B35F30CC1 /* ArgumentParser in Frameworks */,
				49F07107FE824E9DFBC16861 /* Logging in Frameworks */,
			);
			runOnlyForDeploymentPostprocessing = 0;
		};
		F84CD1AB897ED8D10BCE8917 /* Frameworks */ = {
			isa = PBXFrameworksBuildPhase;
			buildActionMask = 2147483647;
			files = (
				56647BB17ABEDBDC9FB503FB /* AppInventoryUI in Frameworks */,
				DA1E0D4BBA67E9B308253EB3 /* AppInventoryLogic in Frameworks */,
				B2A2EDF5E5BF0DFDBBD08AED /* Logging in Frameworks */,
			);
			runOnlyForDeploymentPostprocessing = 0;
		};
/* End PBXFrameworksBuildPhase section */

/* Begin PBXGroup section */
		067BF6D708B0D470073434A6 /* Helper */ = {
			isa = PBXGroup;
			children = (
				4E78AD94E3B3CD6FC5935918 /* CleanupAllowlist.swift */,
				B2E25303826EB5E937D787FE /* HelperErrorCodes.swift */,
				FEA561F9CAA20228329C3D13 /* main.swift */,
			);
			path = Helper;
			sourceTree = "<group>";
		};
		07348351351F2E9369B95B31 /* PackageScanner */ = {
			isa = PBXGroup;
			children = (
				1EDC6F3B0B3E52E1D8B37E14 /* BrewJsonProvider.swift */,
				38316AF8DFA762607F92DB57 /* DependencyGraphService.swift */,
				33DD48A77760EAE73BFEBE90 /* EcosystemRegistry.swift */,
				3B02230150D7C1F168F916FB /* GraphStore.swift */,
				45C4A9505686DC86E4FCD917 /* NpmJsonProvider.swift */,
				45756DADD4A1526871D1EFF6 /* PackageIdentity.swift */,
				D78A3ADC70BDF7CDD35FE498 /* PackageNode.swift */,
				C2DD34F3967CDC5AFADF093B /* PackageOperator.swift */,
				8C41740C17ED53D8FF4E9E42 /* PackageProvider.swift */,
				28BFA62383E7EAB529579A04 /* PackageScanner.swift */,
				DBE46F5514AF4A95D0CE85A0 /* PackageSizeCalculator.swift */,
				3298AE85D27A6C3754A6C36D /* PathNormalizer.swift */,
				AA6ADB45695DFD3649CDCE33 /* ToolLocator.swift */,
				B7B7575D1B9F65ADB3E83D43 /* Providers */,
			);
			path = PackageScanner;
			sourceTree = "<group>";
		};
		127303E944A554AE89E66D45 /* CleanupEngine */ = {
			isa = PBXGroup;
			children = (
				DC6068C461B90B43A44F60CD /* CleanupEngine.swift */,
			);
			path = CleanupEngine;
			sourceTree = "<group>";
		};
		2043ECABEC627EAF9C46A55E /* PrivilegedHelper */ = {
			isa = PBXGroup;
			children = (
				53AD6D1C11B4F08FC5E58B5E /* HelperClient.swift */,
				D768177BC39540073011FEC3 /* PrivilegedDeleting.swift */,
				A7714DB08E840A4C694F5F7D /* ProcessRunner.swift */,
				D69E82006A607E5210A3AA07 /* SMJobBlessClient.swift */,
			);
			path = PrivilegedHelper;
			sourceTree = "<group>";
		};
		3830A4CDB62A506DE4A3D513 /* RecommendationEngine */ = {
			isa = PBXGroup;
			children = (
				F99E16FA3F932058B7BEA9C9 /* ActionExecutor.swift */,
				06AE729A52B7F14140C24366 /* ActionLogger.swift */,
				9F539166B61D2A4E990D78C1 /* DirectorySizeCache.swift */,
				744824074838695777E777E4 /* InsightsCacheStore.swift */,
				568DBC900A688E1C6F8682D1 /* Recommendation.swift */,
				A89D0856329A4461454F046D /* RecommendationContext.swift */,
				1F625A4273667BD082394BE7 /* RecommendationEngine.swift */,
				4D92F3811846DEC331C55600 /* RecommendationRule.swift */,
				BDA0A91838A4AA366C56EB79 /* RuleSettings.swift */,
				C509660836EC08BCA343D029 /* Rules */,
			);
			path = RecommendationEngine;
			sourceTree = "<group>";
		};
		3A121C2AB9E2BD7398BD0512 /* SwiftSweepCore */ = {
			isa = PBXGroup;
			children = (
				9F879CFF980194E786D347AC /* AnalyzerEngine */,
				127303E944A554AE89E66D45 /* CleanupEngine */,
				4413F1DC04797863BCBB1EA9 /* GitRepoScanner */,
				71A631A85BFC5D69A1D6A0E1 /* OptimizationEngine */,
				07348351351F2E9369B95B31 /* PackageScanner */,
				2043ECABEC627EAF9C46A55E /* PrivilegedHelper */,
				3830A4CDB62A506DE4A3D513 /* RecommendationEngine */,
				75F5487CE09FA2F6A25AB59C /* Shared */,
				6733AD6ADD6F00211D11C08C /* Snapshot */,
				5FBF9A7F7D0F52B7ED09BD1B /* SystemMonitor */,
				F4EB005312FFB3B0CB5A7A43 /* UninstallEngine */,
			);
			path = SwiftSweepCore;
			sourceTree = "<group>";
		};
		3D248CFBBFC289D61264DA28 /* Packages */ = {
			isa = PBXGroup;
			children = (
				140428A3526817DBE6DDBF66 /* SwiftSweepAppInventory */,
			);
			path = Packages;
			sourceTree = "<group>";
		};
		4413F1DC04797863BCBB1EA9 /* GitRepoScanner */ = {
			isa = PBXGroup;
			children = (
				B5523065B491745A41D29236 /* GitRepo.swift */,
				015010576BED1F646B80672A /* GitRepoScanner.swift */,
			);
			path = GitRepoScanner;
			sourceTree = "<group>";
		};
		54177F8CAC53FF2BE3183531 = {
			isa = PBXGroup;
			children = (
				067BF6D708B0D470073434A6 /* Helper */,
				3D248CFBBFC289D61264DA28 /* Packages */,
				B8B2E92D12A9435E17C31B16 /* Resources */,
				9DD0E18EA2E57DC192C91D42 /* Sources */,
				BF5596539AA3510CBC8068F7 /* Products */,
			);
			sourceTree = "<group>";
		};
		5FBF9A7F7D0F52B7ED09BD1B /* SystemMonitor */ = {
			isa = PBXGroup;
			children = (
				3806F4C5F0D603942F5F1B40 /* SystemMonitor.swift */,
			);
			path = SystemMonitor;
			sourceTree = "<group>";
		};
		6733AD6ADD6F00211D11C08C /* Snapshot */ = {
			isa = PBXGroup;
			children = (
				6E4FF33FEF3B1EFADDED5EC7 /* ImpactAnalyzer.swift */,
				3A954EBC2F7CEADF29D248D8 /* SnapshotModels.swift */,
				3E5F8E6773B9DB269283D58E /* SnapshotService.swift */,
			);
			path = Snapshot;
			sourceTree = "<group>";
		};
		71A631A85BFC5D69A1D6A0E1 /* OptimizationEngine */ = {
			isa = PBXGroup;
			children = (
				BB2B067E8A821D69C6D3DFCF /* OptimizationEngine.swift */,
			);
			path = OptimizationEngine;
			sourceTree = "<group>";
		};
		75F5487CE09FA2F6A25AB59C /* Shared */ = {
			isa = PBXGroup;
			children = (
				7DF77FF306DD193669624B7A /* CleanupAllowlist.swift */,
				8001EC9BE432F829F3CFFBBD /* HelperErrorCodes.swift */,
			);
			path = Shared;
			sourceTree = "<group>";
		};
		9DD0E18EA2E57DC192C91D42 /* Sources */ = {
			isa = PBXGroup;
			children = (
				FE5D9A84E68B4B5F7507119C /* SwiftSweepCLI */,
				3A121C2AB9E2BD7398BD0512 /* SwiftSweepCore */,
				E8DC7906F8D6871A16B10234 /* SwiftSweepUI */,
			);
			path = Sources;
			sourceTree = "<group>";
		};
		9F879CFF980194E786D347AC /* AnalyzerEngine */ = {
			isa = PBXGroup;
			children = (
				5920ED5BCAC470BD9871338D /* AnalyzerEngine.swift */,
			);
			path = AnalyzerEngine;
			sourceTree = "<group>";
		};
		A6858BCB785A6D4F4157A46B /* Resources */ = {
			isa = PBXGroup;
			children = (
				BB9BB5C32CA4EC58C1BFE0F1 /* Localizable.strings */,
			);
			path = Resources;
			sourceTree = "<group>";
		};
		B7B7575D1B9F65ADB3E83D43 /* Providers */ = {
			isa = PBXGroup;
			children = (
				E5AA81A68E30A722DE0AC190 /* GemProvider.swift */,
				7E1AFA72F5AE1CBCB003AC30 /* HomebrewProvider.swift */,
				FD3AEE910539103740AF661D /* NpmProvider.swift */,
				F3F2C59FA1EECA06A07A0C76 /* PipMetadataProvider.swift */,
				595B8CFC4E24FAB8F309060F /* PipProvider.swift */,
			);
			path = Providers;
			sourceTree = "<group>";
		};
		B8B2E92D12A9435E17C31B16 /* Resources */ = {
			isa = PBXGroup;
			children = (
				EC414EA68F888C69D022A902 /* Assets.xcassets */,
			);
			path = Resources;
			sourceTree = "<group>";
		};
		BF5596539AA3510CBC8068F7 /* Products */ = {
			isa = PBXGroup;
			children = (
				ECF4605B3CD6D4056967E0B2 /* swiftsweep */,
				E4A863606927533B6575D5C7 /* SwiftSweepApp.app */,
				0EF5885EFD75AF6B9C3DF721 /* SwiftSweepHelper */,
			);
			name = Products;
			sourceTree = "<group>";
		};
		C509660836EC08BCA343D029 /* Rules */ = {
			isa = PBXGroup;
			children = (
				E65B36142B70F448F3601681 /* BrowserCacheRule.swift */,
				E7A6A64472255CD6EF1D73B6 /* DeveloperCacheRule.swift */,
				0ADCAC4E4AFB9DEF4ABAEDBE /* LargeCacheRule.swift */,
				C83614B56481CF8F4FC78E00 /* LowDiskSpaceRule.swift */,
				5235A0883863E00CE30F6B56 /* MailAttachmentsRule.swift */,
				AD8135AB1BD261E7011231C5 /* OldDownloadsRule.swift */,
				8611145D32CDE04879E237D0 /* ScreenshotCleanupRule.swift */,
				126F1612875FF543B8D5D3A3 /* TrashReminderRule.swift */,
				2396C4875731341B8DDF05B6 /* UnusedAppsRule.swift */,
			);
			path = Rules;
			sourceTree = "<group>";
		};
		E8DC7906F8D6871A16B10234 /* SwiftSweepUI */ = {
			isa = PBXGroup;
			children = (
				ED0E1B4392753994B17E45A3 /* AnalyzeView.swift */,
				F7F77DF64C705FD91CB39DD9 /* CleanView.swift */,
				7E638A75A374AE294E286E4B /* FileTreeView.swift */,
				1BD5F65C33A7B9A6E4C558E5 /* GalaxyModels.swift */,
				D1F361D01E829B74E6FB57DD /* GalaxyView.swift */,
				0AEEB25BEB2922724F82EED6 /* GhostBusterView.swift */,
				761F86E17589D6046FF1C68E /* GraphLayoutEngine.swift */,
				1C1C2A17944BE9D79268865E /* InsightsView.swift */,
				69EE801D6F61B93790BE3CF8 /* Localization.swift */,
				24095CAF50FD31E0F277F138 /* MainApplicationsView.swift */,
				9A7E55D13E7925AED747255A /* OptimizeView.swift */,
				10070FC013910ADB5A991DA7 /* PackageFinderView.swift */,
				AF8D04377DDF6FACF86EB83E /* SettingsView.swift */,
				3F52BA3C762AD6B4001201F2 /* SnapshotView.swift */,
				CF230230B3E8C6A26A67ED90 /* StatusView.swift */,
				FDD502DFEA142AD633EC8160 /* SwiftSweepApp.swift */,
				193D7959249EC8B109E3DE8E /* TreemapView.swift */,
				C5777D7FD244DCCF55A0A022 /* UninstallView.swift */,
				A6858BCB785A6D4F4157A46B /* Resources */,
			);
			path = SwiftSweepUI;
			sourceTree = "<group>";
		};
		F4EB005312FFB3B0CB5A7A43 /* UninstallEngine */ = {
			isa = PBXGroup;
			children = (
				61D19FF450DE2C15D5E26F29 /* DeletionPlan.swift */,
				4F5BB76487B49303D580D852 /* UninstallCacheStore.swift */,
				A975CE98FBDC7EF022755BEA /* UninstallEngine.swift */,
			);
			path = UninstallEngine;
			sourceTree = "<group>";
		};
		FE5D9A84E68B4B5F7507119C /* SwiftSweepCLI */ = {
			isa = PBXGroup;
			children = (
				DCDB24ECB3136D1C64FE216F /* SwiftSweep.swift */,
			);
			path = SwiftSweepCLI;
			sourceTree = "<group>";
		};
/* End PBXGroup section */

/* Begin PBXNativeTarget section */
		5F86217090CFABCBF989F8BF /* SwiftSweepApp */ = {
			isa = PBXNativeTarget;
			buildConfigurationList = E35EC94350B82A8D6EF3CAF9 /* Build configuration list for PBXNativeTarget "SwiftSweepApp" */;
			buildPhases = (
				BE6F97C6134D16559CBB4B48 /* Sources */,
				D6ED57D4A7EBCD8306A7BB86 /* Copy Helper LaunchDaemon plist */,
				33F990E250427C5E1041F2EB /* Resources */,
				F84CD1AB897ED8D10BCE8917 /* Frameworks */,
			);
			buildRules = (
			);
			dependencies = (
				67472AF5A412AFF143E1EBB5 /* PBXTargetDependency */,
			);
			name = SwiftSweepApp;
			packageProductDependencies = (
				BED55513DE610BBD13379FBF /* AppInventoryUI */,
				B2AADB2A75799FEE310A17DF /* AppInventoryLogic */,
				2ABFE6083FBE8FF03E9D0E02 /* Logging */,
			);
			productName = SwiftSweepApp;
			productReference = E4A863606927533B6575D5C7 /* SwiftSweepApp.app */;
			productType = "com.apple.product-type.application";
		};
		5FE8E2D67D98F6A57F029F93 /* SwiftSweepHelper */ = {
			isa = PBXNativeTarget;
			buildConfigurationList = EBF4007115971D3F343CD4D9 /* Build configuration list for PBXNativeTarget "SwiftSweepHelper" */;
			buildPhases = (
				913594D0B0AA582C661018C1 /* Sources */,
			);
			buildRules = (
			);
			dependencies = (
			);
			name = SwiftSweepHelper;
			packageProductDependencies = (
			);
			productName = SwiftSweepHelper;
			productReference = 0EF5885EFD75AF6B9C3DF721 /* SwiftSweepHelper */;
			productType = "com.apple.product-type.tool";
		};
		7B51060BDCB4D58BDD9B8978 /* swiftsweep */ = {
			isa = PBXNativeTarget;
			buildConfigurationList = 67DC6CC391AB573205552564 /* Build configuration list for PBXNativeTarget "swiftsweep" */;
			buildPhases = (
				B557564C37C2DA0E722EC299 /* Sources */,
				4C792D806DE7EB4D87396387 /* Frameworks */,
			);
			buildRules = (
			);
			dependencies = (
			);
			name = swiftsweep;
			packageProductDependencies = (
				82535F075C24E45CD4626F9A /* ArgumentParser */,
				8235FB46C31534BCE8BA0E4B /* Logging */,
			);
			productName = swiftsweep;
			productReference = ECF4605B3CD6D4056967E0B2 /* swiftsweep */;
			productType = "com.apple.product-type.tool";
		};
/* End PBXNativeTarget section */

/* Begin PBXProject section */
		23AEB981DF45DEC678238C4F /* Project object */ = {
			isa = PBXProject;
			attributes = {
				BuildIndependentTargetsInParallel = YES;
				LastUpgradeCheck = 1500;
				TargetAttributes = {
					5F86217090CFABCBF989F8BF = {
						DevelopmentTeam = 6429YPLDYU;
						ProvisioningStyle = Automatic;
					};
					5FE8E2D67D98F6A57F029F93 = {
						DevelopmentTeam = 6429YPLDYU;
						ProvisioningStyle = Automatic;
					};
					7B51060BDCB4D58BDD9B8978 = {
						DevelopmentTeam = 6429YPLDYU;
						ProvisioningStyle = Automatic;
					};
				};
			};
			buildConfigurationList = 9B3E394AB4A0E88EE759226A /* Build configuration list for PBXProject "SwiftSweepDevID" */;
			compatibilityVersion = "Xcode 14.0";
			developmentRegion = en;
			hasScannedForEncodings = 0;
			knownRegions = (
				Base,
				en,
				"zh-Hans",
			);
			mainGroup = 54177F8CAC53FF2BE3183531;
			minimizedProjectReferenceProxies = 1;
			packageReferences = (
				8C952D5700CAB0D57EA35919 /* XCRemoteSwiftPackageReference "swift-argument-parser" */,
				022D85DDEC9AC8AEABD0D05C /* XCRemoteSwiftPackageReference "swift-log" */,
				14B4B3E0231990BF4FA3A471 /* XCLocalSwiftPackageReference "Packages/SwiftSweepAppInventory" */,
			);
			preferredProjectObjectVersion = 77;
			projectDirPath = "";
			projectRoot = "";
			targets = (
				5F86217090CFABCBF989F8BF /* SwiftSweepApp */,
				5FE8E2D67D98F6A57F029F93 /* SwiftSweepHelper */,
				7B51060BDCB4D58BDD9B8978 /* swiftsweep */,
			);
		};
/* End PBXProject section */

/* Begin PBXResourcesBuildPhase section */
		33F990E250427C5E1041F2EB /* Resources */ = {
			isa = PBXResourcesBuildPhase;
			buildActionMask = 2147483647;
			files = (
				B81615CE24AFCBDE4294047F /* Assets.xcassets in Resources */,
				9C7B3D124D10B52FBF3F34A2 /* Localizable.strings in Resources */,
			);
			runOnlyForDeploymentPostprocessing = 0;
		};
/* End PBXResourcesBuildPhase section */

/* Begin PBXShellScriptBuildPhase section */
		D6ED57D4A7EBCD8306A7BB86 /* Copy Helper LaunchDaemon plist */ = {
			isa = PBXShellScriptBuildPhase;
			alwaysOutOfDate = 1;
			buildActionMask = 2147483647;
			files = (
			);
			inputFileListPaths = (
			);
			inputPaths = (
			);
			name = "Copy Helper LaunchDaemon plist";
			outputFileListPaths = (
			);
			outputPaths = (
			);
			runOnlyForDeploymentPostprocessing = 0;
			shellPath = /bin/sh;
			shellScript = "mkdir -p \"${BUILT_PRODUCTS_DIR}/${PRODUCT_NAME}.app/Contents/Library/LaunchDaemons\"\ncp \"${SRCROOT}/Helper/com.swiftsweep.helper.plist\" \"${BUILT_PRODUCTS_DIR}/${PRODUCT_NAME}.app/Contents/Library/LaunchDaemons/\"\n";
		};
/* End PBXShellScriptBuildPhase section */

/* Begin PBXSourcesBuildPhase section */
		913594D0B0AA582C661018C1 /* Sources */ = {
			isa = PBXSourcesBuildPhase;
			buildActionMask = 2147483647;
			files = (
				FF3571FF74CD026760299429 /* CleanupAllowlist.swift in Sources */,
				F65B162291160FACBC36141C /* HelperErrorCodes.swift in Sources */,
				B8C5249A3C3147DC64710607 /* main.swift in Sources */,
			);
			runOnlyForDeploymentPostprocessing = 0;
		};
		B557564C37C2DA0E722EC299 /* Sources */ = {
			isa = PBXSourcesBuildPhase;
			buildActionMask = 2147483647;
			files = (
				616F899B39119881F39ACC60 /* ActionExecutor.swift in Sources */,
				1D21926B9F5A259B7BD50B0D /* ActionLogger.swift in Sources */,
				9BDC448921E17DE99ACE2FF6 /* AnalyzerEngine.swift in Sources */,
				95AA49B6018C01D4F7668231 /* BrewJsonProvider.swift in Sources */,
				8B1EDCF1E8FA78FFCED17C7A /* BrowserCacheRule.swift in Sources */,
				36966CA7E54FA13AC0C7C176 /* CleanupAllowlist.swift in Sources */,
				7C4A439ABF884667ABE7169B /* CleanupEngine.swift in Sources */,
				96C16A519C81BAA2ECCED03B /* DeletionPlan.swift in Sources */,
				6721EF2FBDFFCE69BA967F76 /* DependencyGraphService.swift in Sources */,
				821A831687A9D989FBA9EAD2 /* DeveloperCacheRule.swift in Sources */,
				ADB6E7E7106A86857FC368E8 /* DirectorySizeCache.swift in Sources */,
				ECCBDB18D714FAC924F3DD2E /* EcosystemRegistry.swift in Sources */,
				98F63F3DC95CAE6D7F47871D /* GemProvider.swift in Sources */,
				099DEBE1C4FFCCC7A4E4AAFB /* GitRepo.swift in Sources */,
				9189ED29CFF7415AFC75CF0A /* GitRepoScanner.swift in Sources */,
				B75A3080FB51C459F7BCA2AF /* GraphStore.swift in Sources */,
				B3889EBB5B448B2EA59BBCFC /* HelperClient.swift in Sources */,
				532F1296FB0F40CEFDCCFFC7 /* HelperErrorCodes.swift in Sources */,
				932E76888546D37FAC12647A /* HomebrewProvider.swift in Sources */,
				6F65EB3EF834538F3B424D51 /* ImpactAnalyzer.swift in Sources */,
				C44E862FD00F37FBA072809F /* InsightsCacheStore.swift in Sources */,
				7DFE53451DCA6F317435EAC6 /* LargeCacheRule.swift in Sources */,
				B8B13416400D5885E8C9B2C9 /* LowDiskSpaceRule.swift in Sources */,
				7A5ED4253713F89DDCFCEE71 /* MailAttachmentsRule.swift in Sources */,
				D5F229ED5C163523E817ECAE /* NpmJsonProvider.swift in Sources */,
				9E324DADC4CF6AB952D86B3F /* NpmProvider.swift in Sources */,
				3581613B5505F2E2CFA0EF6A /* OldDownloadsRule.swift in Sources */,
				F66B63C36A4240015E6F516B /* OptimizationEngine.swift in Sources */,
				AC6E00E70B2650182D20027E /* PackageIdentity.swift in Sources */,
				F81EAD27E9D32CAB3140F11B /* PackageNode.swift in Sources */,
				7E64ABA3B45253577021CB58 /* PackageOperator.swift in Sources */,
				EB6A6A26AC6AA4DD24FF7870 /* PackageProvider.swift in Sources */,
				5A5FEBA2EB5684C45F95E072 /* PackageScanner.swift in Sources */,
				E0CF524845C77E03CEE089FB /* PackageSizeCalculator.swift in Sources */,
				30E88DC5095BE6F14092F480 /* PathNormalizer.swift in Sources */,
				66D07392948654701DBD7EC9 /* PipMetadataProvider.swift in Sources */,
				7035C482965BCA83839F82A0 /* PipProvider.swift in Sources */,
				A30354D9D76345F72DEF3F3F /* PrivilegedDeleting.swift in Sources */,
				95BDB885D1F6154DD0F77544 /* ProcessRunner.swift in Sources */,
				899EA4FE2B66B40EA90461B5 /* Recommendation.swift in Sources */,
				D3CC47D7A639E93938643F97 /* RecommendationContext.swift in Sources */,
				3A4AAF099D47D94C1C31316E /* RecommendationEngine.swift in Sources */,
				50039C9E4F28DB5084FA6865 /* RecommendationRule.swift in Sources */,
				7C279652649F65C1EAA94FA8 /* RuleSettings.swift in Sources */,
				36247687B6A6762E702316F9 /* SMJobBlessClient.swift in Sources */,
				CE93F467BD2C84CCB4DE1C2E /* ScreenshotCleanupRule.swift in Sources */,
				8665D8E6D0A2BED39D7D08CD /* SnapshotModels.swift in Sources */,
				44D3F796F1FA1309EFFACB70 /* SnapshotService.swift in Sources */,
				F06A6973F9B22AD18281031F /* SwiftSweep.swift in Sources */,
				98E332084A03F6605174AAD3 /* SystemMonitor.swift in Sources */,
				ED3D35DE7AC4A2C68EBB2A99 /* ToolLocator.swift in Sources */,
				9B08949CE7371634FAFB6805 /* TrashReminderRule.swift in Sources */,
				D574C8D0A6285EA9F4A346BF /* UninstallCacheStore.swift in Sources */,
				B20054AC2BF62B8F198CFC32 /* UninstallEngine.swift in Sources */,
				2A451A7E7F2CE28B1C356E6C /* UnusedAppsRule.swift in Sources */,
			);
			runOnlyForDeploymentPostprocessing = 0;
		};
		BE6F97C6134D16559CBB4B48 /* Sources */ = {
			isa = PBXSourcesBuildPhase;
			buildActionMask = 2147483647;
			files = (
				75A3CE88A5038ECF4171C059 /* ActionExecutor.swift in Sources */,
				26622049666D2B97B379C4F4 /* ActionLogger.swift in Sources */,
				007207C9DE593EB59A1640E0 /* AnalyzeView.swift in Sources */,
				6A5CC6756F732784388896AF /* AnalyzerEngine.swift in Sources */,
				080CEEBF3ECFD7C9124777B6 /* BrewJsonProvider.swift in Sources */,
				A24594257E72552F88ECD6BF /* BrowserCacheRule.swift in Sources */,
				22DB78584BD371BAD66B01BA /* CleanView.swift in Sources */,
				7D17C0259ECBE188B1E5C391 /* CleanupAllowlist.swift in Sources */,
				302C4D33136607A74E81519F /* CleanupEngine.swift in Sources */,
				CB4052EBF1DDA6DC1BEA5DBD /* DeletionPlan.swift in Sources */,
				98C8A7E09E726BE51E9C35C0 /* DependencyGraphService.swift in Sources */,
				79BD97381D59C321218D20C5 /* DeveloperCacheRule.swift in Sources */,
				753A4791BEC6215F22667EF0 /* DirectorySizeCache.swift in Sources */,
				CA97D481D45124088D4C5EF4 /* EcosystemRegistry.swift in Sources */,
				D58D90BD611E8E4838820B9D /* FileTreeView.swift in Sources */,
				2AB1E6DB20812586C76B6906 /* GalaxyModels.swift in Sources */,
				1178B19CD2AE407887B24AFC /* GalaxyView.swift in Sources */,
				E117650714D03FEADBEEE3C7 /* GemProvider.swift in Sources */,
				0D37B0DD6786C0618E5BD55D /* GhostBusterView.swift in Sources */,
				63427A8727C534551E120847 /* GitRepo.swift in Sources */,
				22C1393EA638BBAE219E45AD /* GitRepoScanner.swift in Sources */,
				2CA055B63E457740B2DA132F /* GraphLayoutEngine.swift in Sources */,
				7BEADEC5CF11CC717EB37546 /* GraphStore.swift in Sources */,
				13A8D389A43062D276269FCF /* HelperClient.swift in Sources */,
				558E99EFDD1D1DBDCF5F5F47 /* HelperErrorCodes.swift in Sources */,
				286DC075478A5E58FB81D307 /* HomebrewProvider.swift in Sources */,
				02E0ECD31CAE7E777F52A3A4 /* ImpactAnalyzer.swift in Sources */,
				724AA99D336F39DCE9AE8111 /* InsightsCacheStore.swift in Sources */,
				FCA63A3024A13325FC797E45 /* InsightsView.swift in Sources */,
				A64DD46819472FC7C3926AE0 /* LargeCacheRule.swift in Sources */,
				699AD1C67AFC1C11E40C3230 /* Localization.swift in Sources */,
				25F18FA884C947A75DCA1864 /* LowDiskSpaceRule.swift in Sources */,
				86CCD29B5A459F7098AED6B0 /* MailAttachmentsRule.swift in Sources */,
				776CA40CF2BC2709247DA877 /* MainApplicationsView.swift in Sources */,
				EBA872140561F9D906B1D16E /* NpmJsonProvider.swift in Sources */,
				427D3A6872E392F5852D6E82 /* NpmProvider.swift in Sources */,
				F16D1C2242079AA6D82D8BB7 /* OldDownloadsRule.swift in Sources */,
				40D1DF36ACE2FAD64604B97D /* OptimizationEngine.swift in Sources */,
				57827FCF4FBF1F0F9C346449 /* OptimizeView.swift in Sources */,
				84CE8C0B91C8427DB19E74FC /* PackageFinderView.swift in Sources */,
				6B0E5912B389DFBDE67D351D /* PackageIdentity.swift in Sources */,
				08B5C2338A4191637C04FF7C /* PackageNode.swift in Sources */,
				639199F51CA519F4A02F279C /* PackageOperator.swift in Sources */,
				02424FF142D6463C125228D2 /* PackageProvider.swift in Sources */,
				1B28BF7E52AB190137217BF0 /* PackageScanner.swift in Sources */,
				6D7092A56D37497DBCA1A07D /* PackageSizeCalculator.swift in Sources */,
				A18CED3BDB8A67BE998DCC67 /* PathNormalizer.swift in Sources */,
				D95DE1135AB3A412DB935099 /* PipMetadataProvider.swift in Sources */,
				32AB2640821CD6974C1D0034 /* PipProvider.swift in Sources */,
				7459619C93E0B418EFCF4DBC /* PrivilegedDeleting.swift in Sources */,
				99A80C4B8B6CBD1CE5877953 /* ProcessRunner.swift in Sources */,
				E325FBEAE9064E3B87FD91C5 /* Recommendation.swift in Sources */,
				152BAED00AC71F673A9CFDBD /* RecommendationContext.swift in Sources */,
				40E3C2E50B22C28AE6EAC111 /* RecommendationEngine.swift in Sources */,
				F3979A3F34C8551333274433 /* RecommendationRule.swift in Sources */,
				4A83E79B571601A26C886164 /* RuleSettings.swift in Sources */,
				2D9E5335BD3090DFBC8109E5 /* SMJobBlessClient.swift in Sources */,
				12655A389CFB667A2435A3E7 /* ScreenshotCleanupRule.swift in Sources */,
				D6237F372EEEF6A86D4BF60F /* SettingsView.swift in Sources */,
				B1FEB69201B4B5E9AD4EE89B /* SnapshotModels.swift in Sources */,
				39D6033F456341C1B0B65B2C /* SnapshotService.swift in Sources */,
				83D4D8B72346FA4F858DE2AF /* SnapshotView.swift in Sources */,
				C74DA856B98C9E6DEAE5D65A /* StatusView.swift in Sources */,
				6DF5A5C5F459DB3AA2563C34 /* SwiftSweepApp.swift in Sources */,
				6DCDFC3CF05956F2E0610DB3 /* SystemMonitor.swift in Sources */,
				8B5852315331A760DA3F941B /* ToolLocator.swift in Sources */,
				666DF1C74DA1F0CDF275151B /* TrashReminderRule.swift in Sources */,
				12B9F6AB2F3EABC602298D7F /* TreemapView.swift in Sources */,
				710EF473236CDC8DD61D732B /* UninstallCacheStore.swift in Sources */,
				B0AFD640CFDD9B8AA02D83F7 /* UninstallEngine.swift in Sources */,
				896B4A1A18B7DFE5339F8DC4 /* UninstallView.swift in Sources */,
				893D4A9575A862A5593E75ED /* UnusedAppsRule.swift in Sources */,
			);
			runOnlyForDeploymentPostprocessing = 0;
		};
/* End PBXSourcesBuildPhase section */

/* Begin PBXTargetDependency section */
		67472AF5A412AFF143E1EBB5 /* PBXTargetDependency */ = {
			isa = PBXTargetDependency;
			target = 5FE8E2D67D98F6A57F029F93 /* SwiftSweepHelper */;
			targetProxy = D5E0B081A2E08259F09EFD87 /* PBXContainerItemProxy */;
		};
/* End PBXTargetDependency section */

/* Begin PBXVariantGroup section */
		BB9BB5C32CA4EC58C1BFE0F1 /* Localizable.strings */ = {
			isa = PBXVariantGroup;
			children = (
				E9FA3BA4B0F24B34F8C3F094 /* en */,
				8F7F6CD34628A7A8C9100A92 /* zh-Hans */,
			);
			name = Localizable.strings;
			sourceTree = "<group>";
		};
/* End PBXVariantGroup section */

/* Begin XCBuildConfiguration section */
		00A783852C8D65B67723351E /* Debug */ = {
			isa = XCBuildConfiguration;
			buildSettings = {
				COMBINE_HIDPI_IMAGES = YES;
				ENABLE_HARDENED_RUNTIME = YES;
				INFOPLIST_FILE = Helper/Info.plist;
				LD_RUNPATH_SEARCH_PATHS = (
					"$(inherited)",
					"@executable_path/../Frameworks",
				);
				OTHER_LDFLAGS = (
					"-sectcreate",
					__TEXT,
					__info_plist,
					"$(SRCROOT)/Helper/Info.plist",
				);
				PRODUCT_BUNDLE_IDENTIFIER = com.swiftsweep.helper;
				SDKROOT = macosx;
				SKIP_INSTALL = YES;
				SWIFT_VERSION = 5.9;
			};
			name = Debug;
		};
		31B0B48F56209A613A84E000 /* Debug */ = {
			isa = XCBuildConfiguration;
			buildSettings = {
				ASSETCATALOG_COMPILER_APPICON_NAME = AppIcon;
				CODE_SIGN_ENTITLEMENTS = Entitlements/SwiftSweepApp.entitlements;
				COMBINE_HIDPI_IMAGES = YES;
				CURRENT_PROJECT_VERSION = 1;
				ENABLE_HARDENED_RUNTIME = YES;
				INFOPLIST_FILE = Resources/Info.plist;
				LD_RUNPATH_SEARCH_PATHS = (
					"$(inherited)",
					"@executable_path/../Frameworks",
				);
				MARKETING_VERSION = 0.2.0;
				PRODUCT_BUNDLE_IDENTIFIER = com.swiftsweep.app;
				SDKROOT = macosx;
				SWIFT_VERSION = 5.9;
			};
			name = Debug;
		};
		747F806E8D5D8ED5D9405A8D /* Release */ = {
			isa = XCBuildConfiguration;
			buildSettings = {
				COMBINE_HIDPI_IMAGES = YES;
				LD_RUNPATH_SEARCH_PATHS = (
					"$(inherited)",
					"@executable_path/../Frameworks",
				);
				PRODUCT_BUNDLE_IDENTIFIER = com.swiftsweep.swiftsweep;
				PRODUCT_NAME = swiftsweep;
				SDKROOT = macosx;
				SWIFT_VERSION = 5.9;
			};
			name = Release;
		};
		7DD57EB319C638495074A3F0 /* Debug */ = {
			isa = XCBuildConfiguration;
			buildSettings = {
				COMBINE_HIDPI_IMAGES = YES;
				LD_RUNPATH_SEARCH_PATHS = (
					"$(inherited)",
					"@executable_path/../Frameworks",
				);
				PRODUCT_BUNDLE_IDENTIFIER = com.swiftsweep.swiftsweep;
				PRODUCT_NAME = swiftsweep;
				SDKROOT = macosx;
				SWIFT_VERSION = 5.9;
			};
			name = Debug;
		};
		961ECD32838CBE9C813664FA /* Release */ = {
			isa = XCBuildConfiguration;
			buildSettings = {
				ALWAYS_SEARCH_USER_PATHS = NO;
				CLANG_ANALYZER_NONNULL = YES;
				CLANG_ANALYZER_NUMBER_OBJECT_CONVERSION = YES_AGGRESSIVE;
				CLANG_CXX_LANGUAGE_STANDARD = "gnu++14";
				CLANG_CXX_LIBRARY = "libc++";
				CLANG_ENABLE_MODULES = YES;
				CLANG_ENABLE_OBJC_ARC = YES;
				CLANG_ENABLE_OBJC_WEAK = YES;
				CLANG_WARN_BLOCK_CAPTURE_AUTORELEASING = YES;
				CLANG_WARN_BOOL_CONVERSION = YES;
				CLANG_WARN_COMMA = YES;
				CLANG_WARN_CONSTANT_CONVERSION = YES;
				CLANG_WARN_DEPRECATED_OBJC_IMPLEMENTATIONS = YES;
				CLANG_WARN_DIRECT_OBJC_ISA_USAGE = YES_ERROR;
				CLANG_WARN_DOCUMENTATION_COMMENTS = YES;
				CLANG_WARN_EMPTY_BODY = YES;
				CLANG_WARN_ENUM_CONVERSION = YES;
				CLANG_WARN_INFINITE_RECURSION = YES;
				CLANG_WARN_INT_CONVERSION = YES;
				CLANG_WARN_NON_LITERAL_NULL_CONVERSION = YES;
				CLANG_WARN_OBJC_IMPLICIT_RETAIN_SELF = YES;
				CLANG_WARN_OBJC_LITERAL_CONVERSION = YES;
				CLANG_WARN_OBJC_ROOT_CLASS = YES_ERROR;
				CLANG_WARN_QUOTED_INCLUDE_IN_FRAMEWORK_HEADER = YES;
				CLANG_WARN_RANGE_LOOP_ANALYSIS = YES;
				CLANG_WARN_STRICT_PROTOTYPES = YES;
				CLANG_WARN_SUSPICIOUS_MOVE = YES;
				CLANG_WARN_UNGUARDED_AVAILABILITY = YES_AGGRESSIVE;
				CLANG_WARN_UNREACHABLE_CODE = YES;
				CLANG_WARN__DUPLICATE_METHOD_MATCH = YES;
				CODE_SIGN_STYLE = Automatic;
				COPY_PHASE_STRIP = NO;
				DEBUG_INFORMATION_FORMAT = "dwarf-with-dsym";
				DEVELOPMENT_TEAM = 6429YPLDYU;
				ENABLE_NS_ASSERTIONS = NO;
				ENABLE_STRICT_OBJC_MSGSEND = YES;
				GCC_C_LANGUAGE_STANDARD = gnu11;
				GCC_NO_COMMON_BLOCKS = YES;
				GCC_WARN_64_TO_32_BIT_CONVERSION = YES;
				GCC_WARN_ABOUT_RETURN_TYPE = YES_ERROR;
				GCC_WARN_UNDECLARED_SELECTOR = YES;
				GCC_WARN_UNINITIALIZED_AUTOS = YES_AGGRESSIVE;
				GCC_WARN_UNUSED_FUNCTION = YES;
				GCC_WARN_UNUSED_VARIABLE = YES;
				MACOSX_DEPLOYMENT_TARGET = 13.0;
				MTL_ENABLE_DEBUG_INFO = NO;
				MTL_FAST_MATH = YES;
				PRODUCT_NAME = "$(TARGET_NAME)";
				SDKROOT = macosx;
				SWIFT_COMPILATION_MODE = wholemodule;
				SWIFT_OPTIMIZATION_LEVEL = "-O";
				SWIFT_VERSION = 5.0;
			};
			name = Release;
		};
		B2B2E8563844AB55E02010ED /* Release */ = {
			isa = XCBuildConfiguration;
			buildSettings = {
				COMBINE_HIDPI_IMAGES = YES;
				ENABLE_HARDENED_RUNTIME = YES;
				INFOPLIST_FILE = Helper/Info.plist;
				LD_RUNPATH_SEARCH_PATHS = (
					"$(inherited)",
					"@executable_path/../Frameworks",
				);
				OTHER_LDFLAGS = (
					"-sectcreate",
					__TEXT,
					__info_plist,
					"$(SRCROOT)/Helper/Info.plist",
				);
				PRODUCT_BUNDLE_IDENTIFIER = com.swiftsweep.helper;
				SDKROOT = macosx;
				SKIP_INSTALL = YES;
				SWIFT_VERSION = 5.9;
			};
			name = Release;
		};
		B5020DCBBA069FBAE32E4AE8 /* Release */ = {
			isa = XCBuildConfiguration;
			buildSettings = {
				ASSETCATALOG_COMPILER_APPICON_NAME = AppIcon;
				CODE_SIGN_ENTITLEMENTS = Entitlements/SwiftSweepApp.entitlements;
				COMBINE_HIDPI_IMAGES = YES;
				CURRENT_PROJECT_VERSION = 1;
				ENABLE_HARDENED_RUNTIME = YES;
				INFOPLIST_FILE = Resources/Info.plist;
				LD_RUNPATH_SEARCH_PATHS = (
					"$(inherited)",
					"@executable_path/../Frameworks",
				);
				MARKETING_VERSION = 0.2.0;
				PRODUCT_BUNDLE_IDENTIFIER = com.swiftsweep.app;
				SDKROOT = macosx;
				SWIFT_VERSION = 5.9;
			};
			name = Release;
		};
		DFF91F93F88DE96EC1FE3029 /* Debug */ = {
			isa = XCBuildConfiguration;
			buildSettings = {
				ALWAYS_SEARCH_USER_PATHS = NO;
				CLANG_ANALYZER_NONNULL = YES;
				CLANG_ANALYZER_NUMBER_OBJECT_CONVERSION = YES_AGGRESSIVE;
				CLANG_CXX_LANGUAGE_STANDARD = "gnu++14";
				CLANG_CXX_LIBRARY = "libc++";
				CLANG_ENABLE_MODULES = YES;
				CLANG_ENABLE_OBJC_ARC = YES;
				CLANG_ENABLE_OBJC_WEAK = YES;
				CLANG_WARN_BLOCK_CAPTURE_AUTORELEASING = YES;
				CLANG_WARN_BOOL_CONVERSION = YES;
				CLANG_WARN_COMMA = YES;
				CLANG_WARN_CONSTANT_CONVERSION = YES;
				CLANG_WARN_DEPRECATED_OBJC_IMPLEMENTATIONS = YES;
				CLANG_WARN_DIRECT_OBJC_ISA_USAGE = YES_ERROR;
				CLANG_WARN_DOCUMENTATION_COMMENTS = YES;
				CLANG_WARN_EMPTY_BODY = YES;
				CLANG_WARN_ENUM_CONVERSION = YES;
				CLANG_WARN_INFINITE_RECURSION = YES;
				CLANG_WARN_INT_CONVERSION = YES;
				CLANG_WARN_NON_LITERAL_NULL_CONVERSION = YES;
				CLANG_WARN_OBJC_IMPLICIT_RETAIN_SELF = YES;
				CLANG_WARN_OBJC_LITERAL_CONVERSION = YES;
				CLANG_WARN_OBJC_ROOT_CLASS = YES_ERROR;
				CLANG_WARN_QUOTED_INCLUDE_IN_FRAMEWORK_HEADER = YES;
				CLANG_WARN_RANGE_LOOP_ANALYSIS = YES;
				CLANG_WARN_STRICT_PROTOTYPES = YES;
				CLANG_WARN_SUSPICIOUS_MOVE = YES;
				CLANG_WARN_UNGUARDED_AVAILABILITY = YES_AGGRESSIVE;
				CLANG_WARN_UNREACHABLE_CODE = YES;
				CLANG_WARN__DUPLICATE_METHOD_MATCH = YES;
				CODE_SIGN_STYLE = Automatic;
				COPY_PHASE_STRIP = NO;
				DEBUG_INFORMATION_FORMAT = dwarf;
				DEVELOPMENT_TEAM = 6429YPLDYU;
				ENABLE_STRICT_OBJC_MSGSEND = YES;
				ENABLE_TESTABILITY = YES;
				GCC_C_LANGUAGE_STANDARD = gnu11;
				GCC_DYNAMIC_NO_PIC = NO;
				GCC_NO_COMMON_BLOCKS = YES;
				GCC_OPTIMIZATION_LEVEL = 0;
				GCC_PREPROCESSOR_DEFINITIONS = (
					"$(inherited)",
					"DEBUG=1",
				);
				GCC_WARN_64_TO_32_BIT_CONVERSION = YES;
				GCC_WARN_ABOUT_RETURN_TYPE = YES_ERROR;
				GCC_WARN_UNDECLARED_SELECTOR = YES;
				GCC_WARN_UNINITIALIZED_AUTOS = YES_AGGRESSIVE;
				GCC_WARN_UNUSED_FUNCTION = YES;
				GCC_WARN_UNUSED_VARIABLE = YES;
				MACOSX_DEPLOYMENT_TARGET = 13.0;
				MTL_ENABLE_DEBUG_INFO = INCLUDE_SOURCE;
				MTL_FAST_MATH = YES;
				ONLY_ACTIVE_ARCH = YES;
				PRODUCT_NAME = "$(TARGET_NAME)";
				SDKROOT = macosx;
				SWIFT_ACTIVE_COMPILATION_CONDITIONS = DEBUG;
				SWIFT_OPTIMIZATION_LEVEL = "-Onone";
				SWIFT_VERSION = 5.0;
			};
			name = Debug;
		};
/* End XCBuildConfiguration section */

/* Begin XCConfigurationList section */
		67DC6CC391AB573205552564 /* Build configuration list for PBXNativeTarget "swiftsweep" */ = {
			isa = XCConfigurationList;
			buildConfigurations = (
				7DD57EB319C638495074A3F0 /* Debug */,
				747F806E8D5D8ED5D9405A8D /* Release */,
			);
			defaultConfigurationIsVisible = 0;
			defaultConfigurationName = Debug;
		};
		9B3E394AB4A0E88EE759226A /* Build configuration list for PBXProject "SwiftSweepDevID" */ = {
			isa = XCConfigurationList;
			buildConfigurations = (
				DFF91F93F88DE96EC1FE3029 /* Debug */,
				961ECD32838CBE9C813664FA /* Release */,
			);
			defaultConfigurationIsVisible = 0;
			defaultConfigurationName = Debug;
		};
		E35EC94350B82A8D6EF3CAF9 /* Build configuration list for PBXNativeTarget "SwiftSweepApp" */ = {
			isa = XCConfigurationList;
			buildConfigurations = (
				31B0B48F56209A613A84E000 /* Debug */,
				B5020DCBBA069FBAE32E4AE8 /* Release */,
			);
			defaultConfigurationIsVisible = 0;
			defaultConfigurationName = Debug;
		};
		EBF4007115971D3F343CD4D9 /* Build configuration list for PBXNativeTarget "SwiftSweepHelper" */ = {
			isa = XCConfigurationList;
			buildConfigurations = (
				00A783852C8D65B67723351E /* Debug */,
				B2B2E8563844AB55E02010ED /* Release */,
			);
			defaultConfigurationIsVisible = 0;
			defaultConfigurationName = Debug;
		};
/* End XCConfigurationList section */

/* Begin XCLocalSwiftPackageReference section */
		14B4B3E0231990BF4FA3A471 /* XCLocalSwiftPackageReference "Packages/SwiftSweepAppInventory" */ = {
			isa = XCLocalSwiftPackageReference;
			relativePath = Packages/SwiftSweepAppInventory;
		};
/* End XCLocalSwiftPackageReference section */

/* Begin XCRemoteSwiftPackageReference section */
		022D85DDEC9AC8AEABD0D05C /* XCRemoteSwiftPackageReference "swift-log" */ = {
			isa = XCRemoteSwiftPackageReference;
			repositoryURL = "https://github.com/apple/swift-log";
			requirement = {
				kind = upToNextMajorVersion;
				minimumVersion = 1.4.0;
			};
		};
		8C952D5700CAB0D57EA35919 /* XCRemoteSwiftPackageReference "swift-argument-parser" */ = {
			isa = XCRemoteSwiftPackageReference;
			repositoryURL = "https://github.com/apple/swift-argument-parser";
			requirement = {
				kind = upToNextMajorVersion;
				minimumVersion = 1.2.0;
			};
		};
/* End XCRemoteSwiftPackageReference section */

/* Begin XCSwiftPackageProductDependency section */
		2ABFE6083FBE8FF03E9D0E02 /* Logging */ = {
			isa = XCSwiftPackageProductDependency;
			package = 022D85DDEC9AC8AEABD0D05C /* XCRemoteSwiftPackageReference "swift-log" */;
			productName = Logging;
		};
		8235FB46C31534BCE8BA0E4B /* Logging */ = {
			isa = XCSwiftPackageProductDependency;
			package = 022D85DDEC9AC8AEABD0D05C /* XCRemoteSwiftPackageReference "swift-log" */;
			productName = Logging;
		};
		82535F075C24E45CD4626F9A /* ArgumentParser */ = {
			isa = XCSwiftPackageProductDependency;
			package = 8C952D5700CAB0D57EA35919 /* XCRemoteSwiftPackageReference "swift-argument-parser" */;
			productName = ArgumentParser;
		};
		B2AADB2A75799FEE310A17DF /* AppInventoryLogic */ = {
			isa = XCSwiftPackageProductDependency;
			productName = AppInventoryLogic;
		};
		BED55513DE610BBD13379FBF /* AppInventoryUI */ = {
			isa = XCSwiftPackageProductDependency;
			productName = AppInventoryUI;
		};
/* End XCSwiftPackageProductDependency section */
	};
	rootObject = 23AEB981DF45DEC678238C4F /* Project object */;
}
